
Microsoft Visual Studio Solution File, Format Version 12.00
# Visual Studio 2012
Project("{FAE04EC0-301F-11D3-BF4B-00C04F79EFBC}") = "HelloWorld", "HelloWorld\HelloWorld.csproj", "{301D24CA-00A5-43B8-9668-C96058B40727}"
EndProject
Global
	GlobalSection(SolutionConfigurationPlatforms) = preSolution
		Debug|iPhoneSimulator = Debug|iPhoneSimulator
		Release|iPhone = Release|iPhone
		Release|iPhoneSimulator = Release|iPhoneSimulator
		Debug|iPhone = Debug|iPhone
	EndGlobalSection
	GlobalSection(ProjectConfigurationPlatforms) = postSolution
		{301D24CA-00A5-43B8-9668-C96058B40727}.Debug|iPhone.ActiveCfg = Debug|iPhone
		{301D24CA-00A5-43B8-9668-C96058B40727}.Debug|iPhone.Build.0 = Debug|iPhone
		{301D24CA-00A5-43B8-9668-C96058B40727}.Debug|iPhoneSimulator.ActiveCfg = Debug|iPhoneSimulator
		{301D24CA-00A5-43B8-9668-C96058B40727}.Debug|iPhoneSimulator.Build.0 = Debug|iPhoneSimulator
		{301D24CA-00A5-43B8-9668-C96058B40727}.Release|iPhone.ActiveCfg = Release|iPhone
		{301D24CA-00A5-43B8-9668-C96058B40727}.Release|iPhone.Build.0 = Release|iPhone
		{301D24CA-00A5-43B8-9668-C96058B40727}.Release|iPhoneSimulator.ActiveCfg = Release|iPhoneSimulator
		{301D24CA-00A5-43B8-9668-C96058B40727}.Release|iPhoneSimulator.Build.0 = Release|iPhoneSimulator
	EndGlobalSection
EndGlobal
