
Microsoft Visual Studio Solution File, Format Version 12.00
# Visual Studio 2012
Project("{FAE04EC0-301F-11D3-BF4B-00C04F79EFBC}") = "myApp", "myApp\myApp.csproj", "{2E6D2EBE-9628-44FD-AEEA-F57219587F17}"
EndProject
Global
	GlobalSection(SolutionConfigurationPlatforms) = preSolution
		Debug|iPhoneSimulator = Debug|iPhoneSimulator
		Release|iPhone = Release|iPhone
		Release|iPhoneSimulator = Release|iPhoneSimulator
		Debug|iPhone = Debug|iPhone
	EndGlobalSection
	GlobalSection(ProjectConfigurationPlatforms) = postSolution
		{2E6D2EBE-9628-44FD-AEEA-F57219587F17}.Debug|iPhone.ActiveCfg = Debug|iPhone
		{2E6D2EBE-9628-44FD-AEEA-F57219587F17}.Debug|iPhone.Build.0 = Debug|iPhone
		{2E6D2EBE-9628-44FD-AEEA-F57219587F17}.Debug|iPhoneSimulator.ActiveCfg = Debug|iPhoneSimulator
		{2E6D2EBE-9628-44FD-AEEA-F57219587F17}.Debug|iPhoneSimulator.Build.0 = Debug|iPhoneSimulator
		{2E6D2EBE-9628-44FD-AEEA-F57219587F17}.Release|iPhone.ActiveCfg = Release|iPhone
		{2E6D2EBE-9628-44FD-AEEA-F57219587F17}.Release|iPhone.Build.0 = Release|iPhone
		{2E6D2EBE-9628-44FD-AEEA-F57219587F17}.Release|iPhoneSimulator.ActiveCfg = Release|iPhoneSimulator
		{2E6D2EBE-9628-44FD-AEEA-F57219587F17}.Release|iPhoneSimulator.Build.0 = Release|iPhoneSimulator
	EndGlobalSection
EndGlobal
